// !$*UTF8*$!
{
	archiveVersion = 1;
	classes = {
	};
	objectVersion = 55;
	objects = {

/* Begin PBXBuildFile section */
		04531D1EA3F229980B29FC7D /* Pods_CorpusSecondTask_CorpusSecondTaskUITests.framework in Frameworks */ = {isa = PBXBuildFile; fileRef = D63C927824BBAEE848B9E4E9 /* Pods_CorpusSecondTask_CorpusSecondTaskUITests.framework */; };
		328E23832605FD272EE4D0BC /* Pods_CorpusSecondTask.framework in Frameworks */ = {isa = PBXBuildFile; fileRef = 805FE7273DA2365D8628902D /* Pods_CorpusSecondTask.framework */; };
		E3CEAC0B2889F00600060890 /* AppDelegate.swift in Sources */ = {isa = PBXBuildFile; fileRef = E3CEAC0A2889F00600060890 /* AppDelegate.swift */; };
		E3CEAC0D2889F00600060890 /* SceneDelegate.swift in Sources */ = {isa = PBXBuildFile; fileRef = E3CEAC0C2889F00600060890 /* SceneDelegate.swift */; };
		E3CEAC0F2889F00600060890 /* TownViewController.swift in Sources */ = {isa = PBXBuildFile; fileRef = E3CEAC0E2889F00600060890 /* TownViewController.swift */; };
		E3CEAC142889F00D00060890 /* Assets.xcassets in Resources */ = {isa = PBXBuildFile; fileRef = E3CEAC132889F00D00060890 /* Assets.xcassets */; };
		E3CEAC172889F00D00060890 /* LaunchScreen.storyboard in Resources */ = {isa = PBXBuildFile; fileRef = E3CEAC152889F00D00060890 /* LaunchScreen.storyboard */; };
		E3CEAC222889F00E00060890 /* CorpusSecondTaskTests.swift in Sources */ = {isa = PBXBuildFile; fileRef = E3CEAC212889F00E00060890 /* CorpusSecondTaskTests.swift */; };
		E3CEAC2C2889F00E00060890 /* CorpusSecondTaskUITests.swift in Sources */ = {isa = PBXBuildFile; fileRef = E3CEAC2B2889F00E00060890 /* CorpusSecondTaskUITests.swift */; };
		E3CEAC2E2889F00E00060890 /* CorpusSecondTaskUITestsLaunchTests.swift in Sources */ = {isa = PBXBuildFile; fileRef = E3CEAC2D2889F00E00060890 /* CorpusSecondTaskUITestsLaunchTests.swift */; };
		E3CEAC3B2889F3B000060890 /* TownModel.swift in Sources */ = {isa = PBXBuildFile; fileRef = E3CEAC3A2889F3B000060890 /* TownModel.swift */; };
		FBF46E5B08CF55D59F6C5544 /* Pods_CorpusSecondTaskTests.framework in Frameworks */ = {isa = PBXBuildFile; fileRef = B6E45F8C878B077F4B010916 /* Pods_CorpusSecondTaskTests.framework */; };
/* End PBXBuildFile section */

/* Begin PBXContainerItemProxy section */
		E3CEAC1E2889F00E00060890 /* PBXContainerItemProxy */ = {
			isa = PBXContainerItemProxy;
			containerPortal = E3CEABFF2889F00600060890 /* Project object */;
			proxyType = 1;
			remoteGlobalIDString = E3CEAC062889F00600060890;
			remoteInfo = CorpusSecondTask;
		};
		E3CEAC282889F00E00060890 /* PBXContainerItemProxy */ = {
			isa = PBXContainerItemProxy;
			containerPortal = E3CEABFF2889F00600060890 /* Project object */;
			proxyType = 1;
			remoteGlobalIDString = E3CEAC062889F00600060890;
			remoteInfo = CorpusSecondTask;
		};
/* End PBXContainerItemProxy section */

/* Begin PBXFileReference section */
		12D6D03548BAAD406360FDE6 /* Pods-CorpusSecondTaskTests.release.xcconfig */ = {isa = PBXFileReference; includeInIndex = 1; lastKnownFileType = text.xcconfig; name = "Pods-CorpusSecondTaskTests.release.xcconfig"; path = "Target Support Files/Pods-CorpusSecondTaskTests/Pods-CorpusSecondTaskTests.release.xcconfig"; sourceTree = "<group>"; };
		3BE4D727348822C9BD0D0CAD /* Pods-CorpusSecondTask-CorpusSecondTaskUITests.release.xcconfig */ = {isa = PBXFileReference; includeInIndex = 1; lastKnownFileType = text.xcconfig; name = "Pods-CorpusSecondTask-CorpusSecondTaskUITests.release.xcconfig"; path = "Target Support Files/Pods-CorpusSecondTask-CorpusSecondTaskUITests/Pods-CorpusSecondTask-CorpusSecondTaskUITests.release.xcconfig"; sourceTree = "<group>"; };
		46549BEE35F3642402BD5B12 /* Pods-CorpusSecondTask.debug.xcconfig */ = {isa = PBXFileReference; includeInIndex = 1; lastKnownFileType = text.xcconfig; name = "Pods-CorpusSecondTask.debug.xcconfig"; path = "Target Support Files/Pods-CorpusSecondTask/Pods-CorpusSecondTask.debug.xcconfig"; sourceTree = "<group>"; };
		805FE7273DA2365D8628902D /* Pods_CorpusSecondTask.framework */ = {isa = PBXFileReference; explicitFileType = wrapper.framework; includeInIndex = 0; path = Pods_CorpusSecondTask.framework; sourceTree = BUILT_PRODUCTS_DIR; };
		B005799F312B4C6BB832252B /* Pods-CorpusSecondTask.release.xcconfig */ = {isa = PBXFileReference; includeInIndex = 1; lastKnownFileType = text.xcconfig; name = "Pods-CorpusSecondTask.release.xcconfig"; path = "Target Support Files/Pods-CorpusSecondTask/Pods-CorpusSecondTask.release.xcconfig"; sourceTree = "<group>"; };
		B6E45F8C878B077F4B010916 /* Pods_CorpusSecondTaskTests.framework */ = {isa = PBXFileReference; explicitFileType = wrapper.framework; includeInIndex = 0; path = Pods_CorpusSecondTaskTests.framework; sourceTree = BUILT_PRODUCTS_DIR; };
		C831A2F40EDB5CC1BBE08622 /* Pods-CorpusSecondTask-CorpusSecondTaskUITests.debug.xcconfig */ = {isa = PBXFileReference; includeInIndex = 1; lastKnownFileType = text.xcconfig; name = "Pods-CorpusSecondTask-CorpusSecondTaskUITests.debug.xcconfig"; path = "Target Support Files/Pods-CorpusSecondTask-CorpusSecondTaskUITests/Pods-CorpusSecondTask-CorpusSecondTaskUITests.debug.xcconfig"; sourceTree = "<group>"; };
		D63C927824BBAEE848B9E4E9 /* Pods_CorpusSecondTask_CorpusSecondTaskUITests.framework */ = {isa = PBXFileReference; explicitFileType = wrapper.framework; includeInIndex = 0; path = Pods_CorpusSecondTask_CorpusSecondTaskUITests.framework; sourceTree = BUILT_PRODUCTS_DIR; };
		E3CEAC072889F00600060890 /* CorpusSecondTask.app */ = {isa = PBXFileReference; explicitFileType = wrapper.application; includeInIndex = 0; path = CorpusSecondTask.app; sourceTree = BUILT_PRODUCTS_DIR; };
		E3CEAC0A2889F00600060890 /* AppDelegate.swift */ = {isa = PBXFileReference; lastKnownFileType = sourcecode.swift; path = AppDelegate.swift; sourceTree = "<group>"; };
		E3CEAC0C2889F00600060890 /* SceneDelegate.swift */ = {isa = PBXFileReference; lastKnownFileType = sourcecode.swift; path = SceneDelegate.swift; sourceTree = "<group>"; };
		E3CEAC0E2889F00600060890 /* TownViewController.swift */ = {isa = PBXFileReference; lastKnownFileType = sourcecode.swift; path = TownViewController.swift; sourceTree = "<group>"; };
		E3CEAC132889F00D00060890 /* Assets.xcassets */ = {isa = PBXFileReference; lastKnownFileType = folder.assetcatalog; path = Assets.xcassets; sourceTree = "<group>"; };
		E3CEAC162889F00D00060890 /* Base */ = {isa = PBXFileReference; lastKnownFileType = file.storyboard; name = Base; path = Base.lproj/LaunchScreen.storyboard; sourceTree = "<group>"; };
		E3CEAC182889F00D00060890 /* Info.plist */ = {isa = PBXFileReference; lastKnownFileType = text.plist.xml; path = Info.plist; sourceTree = "<group>"; };
		E3CEAC1D2889F00E00060890 /* CorpusSecondTaskTests.xctest */ = {isa = PBXFileReference; explicitFileType = wrapper.cfbundle; includeInIndex = 0; path = CorpusSecondTaskTests.xctest; sourceTree = BUILT_PRODUCTS_DIR; };
		E3CEAC212889F00E00060890 /* CorpusSecondTaskTests.swift */ = {isa = PBXFileReference; lastKnownFileType = sourcecode.swift; path = CorpusSecondTaskTests.swift; sourceTree = "<group>"; };
		E3CEAC272889F00E00060890 /* CorpusSecondTaskUITests.xctest */ = {isa = PBXFileReference; explicitFileType = wrapper.cfbundle; includeInIndex = 0; path = CorpusSecondTaskUITests.xctest; sourceTree = BUILT_PRODUCTS_DIR; };
		E3CEAC2B2889F00E00060890 /* CorpusSecondTaskUITests.swift */ = {isa = PBXFileReference; lastKnownFileType = sourcecode.swift; path = CorpusSecondTaskUITests.swift; sourceTree = "<group>"; };
		E3CEAC2D2889F00E00060890 /* CorpusSecondTaskUITestsLaunchTests.swift */ = {isa = PBXFileReference; lastKnownFileType = sourcecode.swift; path = CorpusSecondTaskUITestsLaunchTests.swift; sourceTree = "<group>"; };
		E3CEAC3A2889F3B000060890 /* TownModel.swift */ = {isa = PBXFileReference; lastKnownFileType = sourcecode.swift; path = TownModel.swift; sourceTree = "<group>"; };
		EC89B33F4EA6D1CBF0925E16 /* Pods-CorpusSecondTaskTests.debug.xcconfig */ = {isa = PBXFileReference; includeInIndex = 1; lastKnownFileType = text.xcconfig; name = "Pods-CorpusSecondTaskTests.debug.xcconfig"; path = "Target Support Files/Pods-CorpusSecondTaskTests/Pods-CorpusSecondTaskTests.debug.xcconfig"; sourceTree = "<group>"; };
/* End PBXFileReference section */

/* Begin PBXFrameworksBuildPhase section */
		E3CEAC042889F00600060890 /* Frameworks */ = {
			isa = PBXFrameworksBuildPhase;
			buildActionMask = 2147483647;
			files = (
				328E23832605FD272EE4D0BC /* Pods_CorpusSecondTask.framework in Frameworks */,
			);
			runOnlyForDeploymentPostprocessing = 0;
		};
		E3CEAC1A2889F00E00060890 /* Frameworks */ = {
			isa = PBXFrameworksBuildPhase;
			buildActionMask = 2147483647;
			files = (
				FBF46E5B08CF55D59F6C5544 /* Pods_CorpusSecondTaskTests.framework in Frameworks */,
			);
			runOnlyForDeploymentPostprocessing = 0;
		};
		E3CEAC242889F00E00060890 /* Frameworks */ = {
			isa = PBXFrameworksBuildPhase;
			buildActionMask = 2147483647;
			files = (
				04531D1EA3F229980B29FC7D /* Pods_CorpusSecondTask_CorpusSecondTaskUITests.framework in Frameworks */,
			);
			runOnlyForDeploymentPostprocessing = 0;
		};
/* End PBXFrameworksBuildPhase section */

/* Begin PBXGroup section */
		3B2E9C250B8E879BA5B174DF /* Pods */ = {
			isa = PBXGroup;
			children = (
				46549BEE35F3642402BD5B12 /* Pods-CorpusSecondTask.debug.xcconfig */,
				B005799F312B4C6BB832252B /* Pods-CorpusSecondTask.release.xcconfig */,
				C831A2F40EDB5CC1BBE08622 /* Pods-CorpusSecondTask-CorpusSecondTaskUITests.debug.xcconfig */,
				3BE4D727348822C9BD0D0CAD /* Pods-CorpusSecondTask-CorpusSecondTaskUITests.release.xcconfig */,
				EC89B33F4EA6D1CBF0925E16 /* Pods-CorpusSecondTaskTests.debug.xcconfig */,
				12D6D03548BAAD406360FDE6 /* Pods-CorpusSecondTaskTests.release.xcconfig */,
			);
			path = Pods;
			sourceTree = "<group>";
		};
		E3CEABFE2889F00600060890 = {
			isa = PBXGroup;
			children = (
				E3CEAC092889F00600060890 /* CorpusSecondTask */,
				E3CEAC202889F00E00060890 /* CorpusSecondTaskTests */,
				E3CEAC2A2889F00E00060890 /* CorpusSecondTaskUITests */,
				E3CEAC082889F00600060890 /* Products */,
				3B2E9C250B8E879BA5B174DF /* Pods */,
				F6C9D8B0023612A3A1F1CDF7 /* Frameworks */,
			);
			sourceTree = "<group>";
		};
		E3CEAC082889F00600060890 /* Products */ = {
			isa = PBXGroup;
			children = (
				E3CEAC072889F00600060890 /* CorpusSecondTask.app */,
				E3CEAC1D2889F00E00060890 /* CorpusSecondTaskTests.xctest */,
				E3CEAC272889F00E00060890 /* CorpusSecondTaskUITests.xctest */,
			);
			name = Products;
			sourceTree = "<group>";
		};
		E3CEAC092889F00600060890 /* CorpusSecondTask */ = {
			isa = PBXGroup;
			children = (
				E3CEAC0A2889F00600060890 /* AppDelegate.swift */,
				E3CEAC0C2889F00600060890 /* SceneDelegate.swift */,
				E3CEAC3C2889F99B00060890 /* ViewControllers */,
				E3CEAC3D2889F9A700060890 /* Models */,
				E3CEAC132889F00D00060890 /* Assets.xcassets */,
				E3CEAC152889F00D00060890 /* LaunchScreen.storyboard */,
				E3CEAC182889F00D00060890 /* Info.plist */,
			);
			path = CorpusSecondTask;
			sourceTree = "<group>";
		};
		E3CEAC202889F00E00060890 /* CorpusSecondTaskTests */ = {
			isa = PBXGroup;
			children = (
				E3CEAC212889F00E00060890 /* CorpusSecondTaskTests.swift */,
			);
			path = CorpusSecondTaskTests;
			sourceTree = "<group>";
		};
		E3CEAC2A2889F00E00060890 /* CorpusSecondTaskUITests */ = {
			isa = PBXGroup;
			children = (
				E3CEAC2B2889F00E00060890 /* CorpusSecondTaskUITests.swift */,
				E3CEAC2D2889F00E00060890 /* CorpusSecondTaskUITestsLaunchTests.swift */,
			);
			path = CorpusSecondTaskUITests;
			sourceTree = "<group>";
		};
		E3CEAC3C2889F99B00060890 /* ViewControllers */ = {
			isa = PBXGroup;
			children = (
				E3CEAC0E2889F00600060890 /* TownViewController.swift */,
			);
			path = ViewControllers;
			sourceTree = "<group>";
		};
		E3CEAC3D2889F9A700060890 /* Models */ = {
			isa = PBXGroup;
			children = (
				E3CEAC3A2889F3B000060890 /* TownModel.swift */,
			);
			path = Models;
			sourceTree = "<group>";
		};
		F6C9D8B0023612A3A1F1CDF7 /* Frameworks */ = {
			isa = PBXGroup;
			children = (
				805FE7273DA2365D8628902D /* Pods_CorpusSecondTask.framework */,
				D63C927824BBAEE848B9E4E9 /* Pods_CorpusSecondTask_CorpusSecondTaskUITests.framework */,
				B6E45F8C878B077F4B010916 /* Pods_CorpusSecondTaskTests.framework */,
			);
			name = Frameworks;
			sourceTree = "<group>";
		};
/* End PBXGroup section */

/* Begin PBXNativeTarget section */
		E3CEAC062889F00600060890 /* CorpusSecondTask */ = {
			isa = PBXNativeTarget;
			buildConfigurationList = E3CEAC312889F00E00060890 /* Build configuration list for PBXNativeTarget "CorpusSecondTask" */;
			buildPhases = (
				5B13C6A501E1D3A4CDA90BBA /* [CP] Check Pods Manifest.lock */,
				E3CEAC032889F00600060890 /* Sources */,
				E3CEAC042889F00600060890 /* Frameworks */,
				E3CEAC052889F00600060890 /* Resources */,
				8FE36C17110B55985827FFB2 /* [CP] Embed Pods Frameworks */,
			);
			buildRules = (
			);
			dependencies = (
			);
			name = CorpusSecondTask;
			productName = CorpusSecondTask;
			productReference = E3CEAC072889F00600060890 /* CorpusSecondTask.app */;
			productType = "com.apple.product-type.application";
		};
		E3CEAC1C2889F00E00060890 /* CorpusSecondTaskTests */ = {
			isa = PBXNativeTarget;
			buildConfigurationList = E3CEAC342889F00E00060890 /* Build configuration list for PBXNativeTarget "CorpusSecondTaskTests" */;
			buildPhases = (
				DD9D1BF7A47710EA5B781F6F /* [CP] Check Pods Manifest.lock */,
				E3CEAC192889F00E00060890 /* Sources */,
				E3CEAC1A2889F00E00060890 /* Frameworks */,
				E3CEAC1B2889F00E00060890 /* Resources */,
			);
			buildRules = (
			);
			dependencies = (
				E3CEAC1F2889F00E00060890 /* PBXTargetDependency */,
			);
			name = CorpusSecondTaskTests;
			productName = CorpusSecondTaskTests;
			productReference = E3CEAC1D2889F00E00060890 /* CorpusSecondTaskTests.xctest */;
			productType = "com.apple.product-type.bundle.unit-test";
		};
		E3CEAC262889F00E00060890 /* CorpusSecondTaskUITests */ = {
			isa = PBXNativeTarget;
			buildConfigurationList = E3CEAC372889F00E00060890 /* Build configuration list for PBXNativeTarget "CorpusSecondTaskUITests" */;
			buildPhases = (
				F004D84C1EFE353BD3590461 /* [CP] Check Pods Manifest.lock */,
				E3CEAC232889F00E00060890 /* Sources */,
				E3CEAC242889F00E00060890 /* Frameworks */,
				E3CEAC252889F00E00060890 /* Resources */,
				6BEC25326D605087742E6B05 /* [CP] Embed Pods Frameworks */,
			);
			buildRules = (
			);
			dependencies = (
				E3CEAC292889F00E00060890 /* PBXTargetDependency */,
			);
			name = CorpusSecondTaskUITests;
			productName = CorpusSecondTaskUITests;
			productReference = E3CEAC272889F00E00060890 /* CorpusSecondTaskUITests.xctest */;
			productType = "com.apple.product-type.bundle.ui-testing";
		};
/* End PBXNativeTarget section */

/* Begin PBXProject section */
		E3CEABFF2889F00600060890 /* Project object */ = {
			isa = PBXProject;
			attributes = {
				BuildIndependentTargetsInParallel = 1;
				LastSwiftUpdateCheck = 1320;
				LastUpgradeCheck = 1320;
				TargetAttributes = {
					E3CEAC062889F00600060890 = {
						CreatedOnToolsVersion = 13.2.1;
					};
					E3CEAC1C2889F00E00060890 = {
						CreatedOnToolsVersion = 13.2.1;
						TestTargetID = E3CEAC062889F00600060890;
					};
					E3CEAC262889F00E00060890 = {
						CreatedOnToolsVersion = 13.2.1;
						TestTargetID = E3CEAC062889F00600060890;
					};
				};
			};
			buildConfigurationList = E3CEAC022889F00600060890 /* Build configuration list for PBXProject "CorpusSecondTask" */;
			compatibilityVersion = "Xcode 13.0";
			developmentRegion = en;
			hasScannedForEncodings = 0;
			knownRegions = (
				en,
				Base,
			);
			mainGroup = E3CEABFE2889F00600060890;
			productRefGroup = E3CEAC082889F00600060890 /* Products */;
			projectDirPath = "";
			projectRoot = "";
			targets = (
				E3CEAC062889F00600060890 /* CorpusSecondTask */,
				E3CEAC1C2889F00E00060890 /* CorpusSecondTaskTests */,
				E3CEAC262889F00E00060890 /* CorpusSecondTaskUITests */,
			);
		};
/* End PBXProject section */

/* Begin PBXResourcesBuildPhase section */
		E3CEAC052889F00600060890 /* Resources */ = {
			isa = PBXResourcesBuildPhase;
			buildActionMask = 2147483647;
			files = (
				E3CEAC172889F00D00060890 /* LaunchScreen.storyboard in Resources */,
				E3CEAC142889F00D00060890 /* Assets.xcassets in Resources */,
			);
			runOnlyForDeploymentPostprocessing = 0;
		};
		E3CEAC1B2889F00E00060890 /* Resources */ = {
			isa = PBXResourcesBuildPhase;
			buildActionMask = 2147483647;
			files = (
			);
			runOnlyForDeploymentPostprocessing = 0;
		};
		E3CEAC252889F00E00060890 /* Resources */ = {
			isa = PBXResourcesBuildPhase;
			buildActionMask = 2147483647;
			files = (
			);
			runOnlyForDeploymentPostprocessing = 0;
		};
/* End PBXResourcesBuildPhase section */

/* Begin PBXShellScriptBuildPhase section */
		5B13C6A501E1D3A4CDA90BBA /* [CP] Check Pods Manifest.lock */ = {
			isa = PBXShellScriptBuildPhase;
			buildActionMask = 2147483647;
			files = (
			);
			inputFileListPaths = (
			);
			inputPaths = (
				"${PODS_PODFILE_DIR_PATH}/Podfile.lock",
				"${PODS_ROOT}/Manifest.lock",
			);
			name = "[CP] Check Pods Manifest.lock";
			outputFileListPaths = (
			);
			outputPaths = (
				"$(DERIVED_FILE_DIR)/Pods-CorpusSecondTask-checkManifestLockResult.txt",
			);
			runOnlyForDeploymentPostprocessing = 0;
			shellPath = /bin/sh;
			shellScript = "diff \"${PODS_PODFILE_DIR_PATH}/Podfile.lock\" \"${PODS_ROOT}/Manifest.lock\" > /dev/null\nif [ $? != 0 ] ; then\n    # print error to STDERR\n    echo \"error: The sandbox is not in sync with the Podfile.lock. Run 'pod install' or update your CocoaPods installation.\" >&2\n    exit 1\nfi\n# This output is used by Xcode 'outputs' to avoid re-running this script phase.\necho \"SUCCESS\" > \"${SCRIPT_OUTPUT_FILE_0}\"\n";
			showEnvVarsInLog = 0;
		};
		6BEC25326D605087742E6B05 /* [CP] Embed Pods Frameworks */ = {
			isa = PBXShellScriptBuildPhase;
			buildActionMask = 2147483647;
			files = (
			);
			inputFileListPaths = (
				"${PODS_ROOT}/Target Support Files/Pods-CorpusSecondTask-CorpusSecondTaskUITests/Pods-CorpusSecondTask-CorpusSecondTaskUITests-frameworks-${CONFIGURATION}-input-files.xcfilelist",
			);
			name = "[CP] Embed Pods Frameworks";
			outputFileListPaths = (
				"${PODS_ROOT}/Target Support Files/Pods-CorpusSecondTask-CorpusSecondTaskUITests/Pods-CorpusSecondTask-CorpusSecondTaskUITests-frameworks-${CONFIGURATION}-output-files.xcfilelist",
			);
			runOnlyForDeploymentPostprocessing = 0;
			shellPath = /bin/sh;
			shellScript = "\"${PODS_ROOT}/Target Support Files/Pods-CorpusSecondTask-CorpusSecondTaskUITests/Pods-CorpusSecondTask-CorpusSecondTaskUITests-frameworks.sh\"\n";
			showEnvVarsInLog = 0;
		};
		8FE36C17110B55985827FFB2 /* [CP] Embed Pods Frameworks */ = {
			isa = PBXShellScriptBuildPhase;
			buildActionMask = 2147483647;
			files = (
			);
			inputFileListPaths = (
				"${PODS_ROOT}/Target Support Files/Pods-CorpusSecondTask/Pods-CorpusSecondTask-frameworks-${CONFIGURATION}-input-files.xcfilelist",
			);
			name = "[CP] Embed Pods Frameworks";
			outputFileListPaths = (
				"${PODS_ROOT}/Target Support Files/Pods-CorpusSecondTask/Pods-CorpusSecondTask-frameworks-${CONFIGURATION}-output-files.xcfilelist",
			);
			runOnlyForDeploymentPostprocessing = 0;
			shellPath = /bin/sh;
			shellScript = "\"${PODS_ROOT}/Target Support Files/Pods-CorpusSecondTask/Pods-CorpusSecondTask-frameworks.sh\"\n";
			showEnvVarsInLog = 0;
		};
		DD9D1BF7A47710EA5B781F6F /* [CP] Check Pods Manifest.lock */ = {
			isa = PBXShellScriptBuildPhase;
			buildActionMask = 2147483647;
			files = (
			);
			inputFileListPaths = (
			);
			inputPaths = (
				"${PODS_PODFILE_DIR_PATH}/Podfile.lock",
				"${PODS_ROOT}/Manifest.lock",
			);
			name = "[CP] Check Pods Manifest.lock";
			outputFileListPaths = (
			);
			outputPaths = (
				"$(DERIVED_FILE_DIR)/Pods-CorpusSecondTaskTests-checkManifestLockResult.txt",
			);
			runOnlyForDeploymentPostprocessing = 0;
			shellPath = /bin/sh;
			shellScript = "diff \"${PODS_PODFILE_DIR_PATH}/Podfile.lock\" \"${PODS_ROOT}/Manifest.lock\" > /dev/null\nif [ $? != 0 ] ; then\n    # print error to STDERR\n    echo \"error: The sandbox is not in sync with the Podfile.lock. Run 'pod install' or update your CocoaPods installation.\" >&2\n    exit 1\nfi\n# This output is used by Xcode 'outputs' to avoid re-running this script phase.\necho \"SUCCESS\" > \"${SCRIPT_OUTPUT_FILE_0}\"\n";
			showEnvVarsInLog = 0;
		};
		F004D84C1EFE353BD3590461 /* [CP] Check Pods Manifest.lock */ = {
			isa = PBXShellScriptBuildPhase;
			buildActionMask = 2147483647;
			files = (
			);
			inputFileListPaths = (
			);
			inputPaths = (
				"${PODS_PODFILE_DIR_PATH}/Podfile.lock",
				"${PODS_ROOT}/Manifest.lock",
			);
			name = "[CP] Check Pods Manifest.lock";
			outputFileListPaths = (
			);
			outputPaths = (
				"$(DERIVED_FILE_DIR)/Pods-CorpusSecondTask-CorpusSecondTaskUITests-checkManifestLockResult.txt",
			);
			runOnlyForDeploymentPostprocessing = 0;
			shellPath = /bin/sh;
			shellScript = "diff \"${PODS_PODFILE_DIR_PATH}/Podfile.lock\" \"${PODS_ROOT}/Manifest.lock\" > /dev/null\nif [ $? != 0 ] ; then\n    # print error to STDERR\n    echo \"error: The sandbox is not in sync with the Podfile.lock. Run 'pod install' or update your CocoaPods installation.\" >&2\n    exit 1\nfi\n# This output is used by Xcode 'outputs' to avoid re-running this script phase.\necho \"SUCCESS\" > \"${SCRIPT_OUTPUT_FILE_0}\"\n";
			showEnvVarsInLog = 0;
		};
/* End PBXShellScriptBuildPhase section */

/* Begin PBXSourcesBuildPhase section */
		E3CEAC032889F00600060890 /* Sources */ = {
			isa = PBXSourcesBuildPhase;
			buildActionMask = 2147483647;
			files = (
				E3CEAC0F2889F00600060890 /* TownViewController.swift in Sources */,
				E3CEAC0B2889F00600060890 /* AppDelegate.swift in Sources */,
				E3CEAC0D2889F00600060890 /* SceneDelegate.swift in Sources */,
				E3CEAC3B2889F3B000060890 /* TownModel.swift in Sources */,
			);
			runOnlyForDeploymentPostprocessing = 0;
		};
		E3CEAC192889F00E00060890 /* Sources */ = {
			isa = PBXSourcesBuildPhase;
			buildActionMask = 2147483647;
			files = (
				E3CEAC222889F00E00060890 /* CorpusSecondTaskTests.swift in Sources */,
			);
			runOnlyForDeploymentPostprocessing = 0;
		};
		E3CEAC232889F00E00060890 /* Sources */ = {
			isa = PBXSourcesBuildPhase;
			buildActionMask = 2147483647;
			files = (
				E3CEAC2C2889F00E00060890 /* CorpusSecondTaskUITests.swift in Sources */,
				E3CEAC2E2889F00E00060890 /* CorpusSecondTaskUITestsLaunchTests.swift in Sources */,
			);
			runOnlyForDeploymentPostprocessing = 0;
		};
/* End PBXSourcesBuildPhase section */

/* Begin PBXTargetDependency section */
		E3CEAC1F2889F00E00060890 /* PBXTargetDependency */ = {
			isa = PBXTargetDependency;
			target = E3CEAC062889F00600060890 /* CorpusSecondTask */;
			targetProxy = E3CEAC1E2889F00E00060890 /* PBXContainerItemProxy */;
		};
		E3CEAC292889F00E00060890 /* PBXTargetDependency */ = {
			isa = PBXTargetDependency;
			target = E3CEAC062889F00600060890 /* CorpusSecondTask */;
			targetProxy = E3CEAC282889F00E00060890 /* PBXContainerItemProxy */;
		};
/* End PBXTargetDependency section */

/* Begin PBXVariantGroup section */
		E3CEAC152889F00D00060890 /* LaunchScreen.storyboard */ = {
			isa = PBXVariantGroup;
			children = (
				E3CEAC162889F00D00060890 /* Base */,
			);
			name = LaunchScreen.storyboard;
			sourceTree = "<group>";
		};
/* End PBXVariantGroup section */

/* Begin XCBuildConfiguration section */
		E3CEAC2F2889F00E00060890 /* Debug */ = {
			isa = XCBuildConfiguration;
			buildSettings = {
				ALWAYS_SEARCH_USER_PATHS = NO;
				CLANG_ANALYZER_NONNULL = YES;
				CLANG_ANALYZER_NUMBER_OBJECT_CONVERSION = YES_AGGRESSIVE;
				CLANG_CXX_LANGUAGE_STANDARD = "gnu++17";
				CLANG_CXX_LIBRARY = "libc++";
				CLANG_ENABLE_MODULES = YES;
				CLANG_ENABLE_OBJC_ARC = YES;
				CLANG_ENABLE_OBJC_WEAK = YES;
				CLANG_WARN_BLOCK_CAPTURE_AUTORELEASING = YES;
				CLANG_WARN_BOOL_CONVERSION = YES;
				CLANG_WARN_COMMA = YES;
				CLANG_WARN_CONSTANT_CONVERSION = YES;
				CLANG_WARN_DEPRECATED_OBJC_IMPLEMENTATIONS = YES;
				CLANG_WARN_DIRECT_OBJC_ISA_USAGE = YES_ERROR;
				CLANG_WARN_DOCUMENTATION_COMMENTS = YES;
				CLANG_WARN_EMPTY_BODY = YES;
				CLANG_WARN_ENUM_CONVERSION = YES;
				CLANG_WARN_INFINITE_RECURSION = YES;
				CLANG_WARN_INT_CONVERSION = YES;
				CLANG_WARN_NON_LITERAL_NULL_CONVERSION = YES;
				CLANG_WARN_OBJC_IMPLICIT_RETAIN_SELF = YES;
				CLANG_WARN_OBJC_LITERAL_CONVERSION = YES;
				CLANG_WARN_OBJC_ROOT_CLASS = YES_ERROR;
				CLANG_WARN_QUOTED_INCLUDE_IN_FRAMEWORK_HEADER = YES;
				CLANG_WARN_RANGE_LOOP_ANALYSIS = YES;
				CLANG_WARN_STRICT_PROTOTYPES = YES;
				CLANG_WARN_SUSPICIOUS_MOVE = YES;
				CLANG_WARN_UNGUARDED_AVAILABILITY = YES_AGGRESSIVE;
				CLANG_WARN_UNREACHABLE_CODE = YES;
				CLANG_WARN__DUPLICATE_METHOD_MATCH = YES;
				COPY_PHASE_STRIP = NO;
				DEBUG_INFORMATION_FORMAT = dwarf;
				ENABLE_STRICT_OBJC_MSGSEND = YES;
				ENABLE_TESTABILITY = YES;
				GCC_C_LANGUAGE_STANDARD = gnu11;
				GCC_DYNAMIC_NO_PIC = NO;
				GCC_NO_COMMON_BLOCKS = YES;
				GCC_OPTIMIZATION_LEVEL = 0;
				GCC_PREPROCESSOR_DEFINITIONS = (
					"DEBUG=1",
					"$(inherited)",
				);
				GCC_WARN_64_TO_32_BIT_CONVERSION = YES;
				GCC_WARN_ABOUT_RETURN_TYPE = YES_ERROR;
				GCC_WARN_UNDECLARED_SELECTOR = YES;
				GCC_WARN_UNINITIALIZED_AUTOS = YES_AGGRESSIVE;
				GCC_WARN_UNUSED_FUNCTION = YES;
				GCC_WARN_UNUSED_VARIABLE = YES;
				IPHONEOS_DEPLOYMENT_TARGET = 14.0;
				MTL_ENABLE_DEBUG_INFO = INCLUDE_SOURCE;
				MTL_FAST_MATH = YES;
				ONLY_ACTIVE_ARCH = YES;
				SDKROOT = iphoneos;
				SWIFT_ACTIVE_COMPILATION_CONDITIONS = DEBUG;
				SWIFT_OPTIMIZATION_LEVEL = "-Onone";
			};
			name = Debug;
		};
		E3CEAC302889F00E00060890 /* Release */ = {
			isa = XCBuildConfiguration;
			buildSettings = {
				ALWAYS_SEARCH_USER_PATHS = NO;
				CLANG_ANALYZER_NONNULL = YES;
				CLANG_ANALYZER_NUMBER_OBJECT_CONVERSION = YES_AGGRESSIVE;
				CLANG_CXX_LANGUAGE_STANDARD = "gnu++17";
				CLANG_CXX_LIBRARY = "libc++";
				CLANG_ENABLE_MODULES = YES;
				CLANG_ENABLE_OBJC_ARC = YES;
				CLANG_ENABLE_OBJC_WEAK = YES;
				CLANG_WARN_BLOCK_CAPTURE_AUTORELEASING = YES;
				CLANG_WARN_BOOL_CONVERSION = YES;
				CLANG_WARN_COMMA = YES;
				CLANG_WARN_CONSTANT_CONVERSION = YES;
				CLANG_WARN_DEPRECATED_OBJC_IMPLEMENTATIONS = YES;
				CLANG_WARN_DIRECT_OBJC_ISA_USAGE = YES_ERROR;
				CLANG_WARN_DOCUMENTATION_COMMENTS = YES;
				CLANG_WARN_EMPTY_BODY = YES;
				CLANG_WARN_ENUM_CONVERSION = YES;
				CLANG_WARN_INFINITE_RECURSION = YES;
				CLANG_WARN_INT_CONVERSION = YES;
				CLANG_WARN_NON_LITERAL_NULL_CONVERSION = YES;
				CLANG_WARN_OBJC_IMPLICIT_RETAIN_SELF = YES;
				CLANG_WARN_OBJC_LITERAL_CONVERSION = YES;
				CLANG_WARN_OBJC_ROOT_CLASS = YES_ERROR;
				CLANG_WARN_QUOTED_INCLUDE_IN_FRAMEWORK_HEADER = YES;
				CLANG_WARN_RANGE_LOOP_ANALYSIS = YES;
				CLANG_WARN_STRICT_PROTOTYPES = YES;
				CLANG_WARN_SUSPICIOUS_MOVE = YES;
				CLANG_WARN_UNGUARDED_AVAILABILITY = YES_AGGRESSIVE;
				CLANG_WARN_UNREACHABLE_CODE = YES;
				CLANG_WARN__DUPLICATE_METHOD_MATCH = YES;
				COPY_PHASE_STRIP = NO;
				DEBUG_INFORMATION_FORMAT = "dwarf-with-dsym";
				ENABLE_NS_ASSERTIONS = NO;
				ENABLE_STRICT_OBJC_MSGSEND = YES;
				GCC_C_LANGUAGE_STANDARD = gnu11;
				GCC_NO_COMMON_BLOCKS = YES;
				GCC_WARN_64_TO_32_BIT_CONVERSION = YES;
				GCC_WARN_ABOUT_RETURN_TYPE = YES_ERROR;
				GCC_WARN_UNDECLARED_SELECTOR = YES;
				GCC_WARN_UNINITIALIZED_AUTOS = YES_AGGRESSIVE;
				GCC_WARN_UNUSED_FUNCTION = YES;
				GCC_WARN_UNUSED_VARIABLE = YES;
				IPHONEOS_DEPLOYMENT_TARGET = 14.0;
				MTL_ENABLE_DEBUG_INFO = NO;
				MTL_FAST_MATH = YES;
				SDKROOT = iphoneos;
				SWIFT_COMPILATION_MODE = wholemodule;
				SWIFT_OPTIMIZATION_LEVEL = "-O";
				VALIDATE_PRODUCT = YES;
			};
			name = Release;
		};
		E3CEAC322889F00E00060890 /* Debug */ = {
			isa = XCBuildConfiguration;
			baseConfigurationReference = 46549BEE35F3642402BD5B12 /* Pods-CorpusSecondTask.debug.xcconfig */;
			buildSettings = {
				ASSETCATALOG_COMPILER_APPICON_NAME = AppIcon;
				ASSETCATALOG_COMPILER_GLOBAL_ACCENT_COLOR_NAME = AccentColor;
				CODE_SIGN_STYLE = Automatic;
				CURRENT_PROJECT_VERSION = 1;
				DEVELOPMENT_TEAM = E4F3RD8E26;
				GENERATE_INFOPLIST_FILE = YES;
				INFOPLIST_FILE = CorpusSecondTask/Info.plist;
				INFOPLIST_KEY_UIApplicationSupportsIndirectInputEvents = YES;
				INFOPLIST_KEY_UILaunchStoryboardName = LaunchScreen;
				INFOPLIST_KEY_UISupportedInterfaceOrientations_iPhone = UIInterfaceOrientationPortrait;
				LD_RUNPATH_SEARCH_PATHS = (
					"$(inherited)",
					"@executable_path/Frameworks",
				);
				MARKETING_VERSION = 1.0;
				PRODUCT_BUNDLE_IDENTIFIER = Vonkad.CorpusSecondTask;
				PRODUCT_NAME = "$(TARGET_NAME)";
				SWIFT_EMIT_LOC_STRINGS = YES;
				SWIFT_VERSION = 5.0;
				TARGETED_DEVICE_FAMILY = 1;
			};
			name = Debug;
		};
		E3CEAC332889F00E00060890 /* Release */ = {
			isa = XCBuildConfiguration;
			baseConfigurationReference = B005799F312B4C6BB832252B /* Pods-CorpusSecondTask.release.xcconfig */;
			buildSettings = {
				ASSETCATALOG_COMPILER_APPICON_NAME = AppIcon;
				ASSETCATALOG_COMPILER_GLOBAL_ACCENT_COLOR_NAME = AccentColor;
				CODE_SIGN_STYLE = Automatic;
				CURRENT_PROJECT_VERSION = 1;
				DEVELOPMENT_TEAM = E4F3RD8E26;
				GENERATE_INFOPLIST_FILE = YES;
				INFOPLIST_FILE = CorpusSecondTask/Info.plist;
				INFOPLIST_KEY_UIApplicationSupportsIndirectInputEvents = YES;
				INFOPLIST_KEY_UILaunchStoryboardName = LaunchScreen;
				INFOPLIST_KEY_UISupportedInterfaceOrientations_iPhone = UIInterfaceOrientationPortrait;
				LD_RUNPATH_SEARCH_PATHS = (
					"$(inherited)",
					"@executable_path/Frameworks",
				);
				MARKETING_VERSION = 1.0;
				PRODUCT_BUNDLE_IDENTIFIER = Vonkad.CorpusSecondTask;
				PRODUCT_NAME = "$(TARGET_NAME)";
				SWIFT_EMIT_LOC_STRINGS = YES;
				SWIFT_VERSION = 5.0;
				TARGETED_DEVICE_FAMILY = 1;
			};
			name = Release;
		};
		E3CEAC352889F00E00060890 /* Debug */ = {
			isa = XCBuildConfiguration;
			baseConfigurationReference = EC89B33F4EA6D1CBF0925E16 /* Pods-CorpusSecondTaskTests.debug.xcconfig */;
			buildSettings = {
				ALWAYS_EMBED_SWIFT_STANDARD_LIBRARIES = YES;
				BUNDLE_LOADER = "$(TEST_HOST)";
				CODE_SIGN_STYLE = Automatic;
				CURRENT_PROJECT_VERSION = 1;
				DEVELOPMENT_TEAM = E4F3RD8E26;
				GENERATE_INFOPLIST_FILE = YES;
				IPHONEOS_DEPLOYMENT_TARGET = 15.2;
				MARKETING_VERSION = 1.0;
				PRODUCT_BUNDLE_IDENTIFIER = Vonkad.CorpusSecondTaskTests;
				PRODUCT_NAME = "$(TARGET_NAME)";
				SWIFT_EMIT_LOC_STRINGS = NO;
				SWIFT_VERSION = 5.0;
				TARGETED_DEVICE_FAMILY = "1,2";
				TEST_HOST = "$(BUILT_PRODUCTS_DIR)/CorpusSecondTask.app/CorpusSecondTask";
			};
			name = Debug;
		};
		E3CEAC362889F00E00060890 /* Release */ = {
			isa = XCBuildConfiguration;
			baseConfigurationReference = 12D6D03548BAAD406360FDE6 /* Pods-CorpusSecondTaskTests.release.xcconfig */;
			buildSettings = {
				ALWAYS_EMBED_SWIFT_STANDARD_LIBRARIES = YES;
				BUNDLE_LOADER = "$(TEST_HOST)";
				CODE_SIGN_STYLE = Automatic;
				CURRENT_PROJECT_VERSION = 1;
				DEVELOPMENT_TEAM = E4F3RD8E26;
				GENERATE_INFOPLIST_FILE = YES;
				IPHONEOS_DEPLOYMENT_TARGET = 15.2;
				MARKETING_VERSION = 1.0;
				PRODUCT_BUNDLE_IDENTIFIER = Vonkad.CorpusSecondTaskTests;
				PRODUCT_NAME = "$(TARGET_NAME)";
				SWIFT_EMIT_LOC_STRINGS = NO;
				SWIFT_VERSION = 5.0;
				TARGETED_DEVICE_FAMILY = "1,2";
				TEST_HOST = "$(BUILT_PRODUCTS_DIR)/CorpusSecondTask.app/CorpusSecondTask";
			};
			name = Release;
		};
		E3CEAC382889F00E00060890 /* Debug */ = {
			isa = XCBuildConfiguration;
			baseConfigurationReference = C831A2F40EDB5CC1BBE08622 /* Pods-CorpusSecondTask-CorpusSecondTaskUITests.debug.xcconfig */;
			buildSettings = {
				ALWAYS_EMBED_SWIFT_STANDARD_LIBRARIES = YES;
				CODE_SIGN_STYLE = Automatic;
				CURRENT_PROJECT_VERSION = 1;
				DEVELOPMENT_TEAM = E4F3RD8E26;
				GENERATE_INFOPLIST_FILE = YES;
				MARKETING_VERSION = 1.0;
				PRODUCT_BUNDLE_IDENTIFIER = Vonkad.CorpusSecondTaskUITests;
				PRODUCT_NAME = "$(TARGET_NAME)";
				SWIFT_EMIT_LOC_STRINGS = NO;
				SWIFT_VERSION = 5.0;
				TARGETED_DEVICE_FAMILY = "1,2";
				TEST_TARGET_NAME = CorpusSecondTask;
			};
			name = Debug;
		};
		E3CEAC392889F00E00060890 /* Release */ = {
			isa = XCBuildConfiguration;
			baseConfigurationReference = 3BE4D727348822C9BD0D0CAD /* Pods-CorpusSecondTask-CorpusSecondTaskUITests.release.xcconfig */;
			buildSettings = {
				ALWAYS_EMBED_SWIFT_STANDARD_LIBRARIES = YES;
				CODE_SIGN_STYLE = Automatic;
				CURRENT_PROJECT_VERSION = 1;
				DEVELOPMENT_TEAM = E4F3RD8E26;
				GENERATE_INFOPLIST_FILE = YES;
				MARKETING_VERSION = 1.0;
				PRODUCT_BUNDLE_IDENTIFIER = Vonkad.CorpusSecondTaskUITests;
				PRODUCT_NAME = "$(TARGET_NAME)";
				SWIFT_EMIT_LOC_STRINGS = NO;
				SWIFT_VERSION = 5.0;
				TARGETED_DEVICE_FAMILY = "1,2";
				TEST_TARGET_NAME = CorpusSecondTask;
			};
			name = Release;
		};
/* End XCBuildConfiguration section */

/* Begin XCConfigurationList section */
		E3CEAC022889F00600060890 /* Build configuration list for PBXProject "CorpusSecondTask" */ = {
			isa = XCConfigurationList;
			buildConfigurations = (
				E3CEAC2F2889F00E00060890 /* Debug */,
				E3CEAC302889F00E00060890 /* Release */,
			);
			defaultConfigurationIsVisible = 0;
			defaultConfigurationName = Release;
		};
		E3CEAC312889F00E00060890 /* Build configuration list for PBXNativeTarget "CorpusSecondTask" */ = {
			isa = XCConfigurationList;
			buildConfigurations = (
				E3CEAC322889F00E00060890 /* Debug */,
				E3CEAC332889F00E00060890 /* Release */,
			);
			defaultConfigurationIsVisible = 0;
			defaultConfigurationName = Release;
		};
		E3CEAC342889F00E00060890 /* Build configuration list for PBXNativeTarget "CorpusSecondTaskTests" */ = {
			isa = XCConfigurationList;
			buildConfigurations = (
				E3CEAC352889F00E00060890 /* Debug */,
				E3CEAC362889F00E00060890 /* Release */,
			);
			defaultConfigurationIsVisible = 0;
			defaultConfigurationName = Release;
		};
		E3CEAC372889F00E00060890 /* Build configuration list for PBXNativeTarget "CorpusSecondTaskUITests" */ = {
			isa = XCConfigurationList;
			buildConfigurations = (
				E3CEAC382889F00E00060890 /* Debug */,
				E3CEAC392889F00E00060890 /* Release */,
			);
			defaultConfigurationIsVisible = 0;
			defaultConfigurationName = Release;
		};
/* End XCConfigurationList section */
	};
	rootObject = E3CEABFF2889F00600060890 /* Project object */;
}
